
Microsoft Visual Studio Solution File, Format Version 12.00
# Visual Studio Version 17
VisualStudioVersion = 17.10.35013.160
MinimumVisualStudioVersion = 10.0.40219.1
Project("{FAE04EC0-301F-11D3-BF4B-00C04F79EFBC}") = "HTMLParser1", "HTMLParser1\HTMLParser1.csproj", "{EFDAF462-CC35-4944-AEAE-58F5AF53E1A3}"
EndProject
Global
	GlobalSection(SolutionConfigurationPlatforms) = preSolution
		Debug|Any CPU = Debug|Any CPU
		Release|Any CPU = Release|Any CPU
	EndGlobalSection
	GlobalSection(ProjectConfigurationPlatforms) = postSolution
		{EFDAF462-CC35-4944-AEAE-58F5AF53E1A3}.Debug|Any CPU.ActiveCfg = Debug|Any CPU
		{EFDAF462-CC35-4944-AEAE-58F5AF53E1A3}.Debug|Any CPU.Build.0 = Debug|Any CPU
		{EFDAF462-CC35-4944-AEAE-58F5AF53E1A3}.Release|Any CPU.ActiveCfg = Release|Any CPU
		{EFDAF462-CC35-4944-AEAE-58F5AF53E1A3}.Release|Any CPU.Build.0 = Release|Any CPU
	EndGlobalSection
	GlobalSection(SolutionProperties) = preSolution
		HideSolutionNode = FALSE
	EndGlobalSection
	GlobalSection(ExtensibilityGlobals) = postSolution
		SolutionGuid = {4ABEFDF6-45FE-4F84-A44E-EE4B47B2C871}
	EndGlobalSection
EndGlobal
